// !$*UTF8*$!
{
	archiveVersion = 1;
	classes = {
	};
	objectVersion = 46;
	objects = {

/* Begin PBXBuildFile section */
		F34494E315DDD0D500E6676E /* UIKit.framework in Frameworks */ = {isa = PBXBuildFile; fileRef = F34494E215DDD0D500E6676E /* UIKit.framework */; };
		F34494E515DDD0D500E6676E /* Foundation.framework in Frameworks */ = {isa = PBXBuildFile; fileRef = F34494E415DDD0D500E6676E /* Foundation.framework */; };
		F34494E715DDD0D500E6676E /* CoreGraphics.framework in Frameworks */ = {isa = PBXBuildFile; fileRef = F34494E615DDD0D500E6676E /* CoreGraphics.framework */; };
		F34494ED15DDD0D500E6676E /* InfoPlist.strings in Resources */ = {isa = PBXBuildFile; fileRef = F34494EB15DDD0D500E6676E /* InfoPlist.strings */; };
		F34494EF15DDD0D500E6676E /* main.m in Sources */ = {isa = PBXBuildFile; fileRef = F34494EE15DDD0D500E6676E /* main.m */; };
		F34494F315DDD0D500E6676E /* CalculatorAppDelegate.m in Sources */ = {isa = PBXBuildFile; fileRef = F34494F215DDD0D500E6676E /* CalculatorAppDelegate.m */; };
		F34494F615DDD0D500E6676E /* MainStoryboard.storyboard in Resources */ = {isa = PBXBuildFile; fileRef = F34494F415DDD0D500E6676E /* MainStoryboard.storyboard */; };
		F34494F915DDD0D500E6676E /* CalculatorViewController.m in Sources */ = {isa = PBXBuildFile; fileRef = F34494F815DDD0D500E6676E /* CalculatorViewController.m */; };
		F36E17CA15E85A0100AD7277 /* CalculatorBrain.m in Sources */ = {isa = PBXBuildFile; fileRef = F36E17C915E85A0100AD7277 /* CalculatorBrain.m */; };
/* End PBXBuildFile section */

/* Begin PBXFileReference section */
		F34494DE15DDD0D500E6676E /* Calculator.app */ = {isa = PBXFileReference; explicitFileType = wrapper.application; includeInIndex = 0; path = Calculator.app; sourceTree = BUILT_PRODUCTS_DIR; };
		F34494E215DDD0D500E6676E /* UIKit.framework */ = {isa = PBXFileReference; lastKnownFileType = wrapper.framework; name = UIKit.framework; path = System/Library/Frameworks/UIKit.framework; sourceTree = SDKROOT; };
		F34494E415DDD0D500E6676E /* Foundation.framework */ = {isa = PBXFileReference; lastKnownFileType = wrapper.framework; name = Foundation.framework; path = System/Library/Frameworks/Foundation.framework; sourceTree = SDKROOT; };
		F34494E615DDD0D500E6676E /* CoreGraphics.framework */ = {isa = PBXFileReference; lastKnownFileType = wrapper.framework; name = CoreGraphics.framework; path = System/Library/Frameworks/CoreGraphics.framework; sourceTree = SDKROOT; };
		F34494EA15DDD0D500E6676E /* Calculator-Info.plist */ = {isa = PBXFileReference; lastKnownFileType = text.plist.xml; path = "Calculator-Info.plist"; sourceTree = "<group>"; };
		F34494EC15DDD0D500E6676E /* en */ = {isa = PBXFileReference; lastKnownFileType = text.plist.strings; name = en; path = en.lproj/InfoPlist.strings; sourceTree = "<group>"; };
		F34494EE15DDD0D500E6676E /* main.m */ = {isa = PBXFileReference; lastKnownFileType = sourcecode.c.objc; path = main.m; sourceTree = "<group>"; };
		F34494F015DDD0D500E6676E /* Calculator-Prefix.pch */ = {isa = PBXFileReference; lastKnownFileType = sourcecode.c.h; path = "Calculator-Prefix.pch"; sourceTree = "<group>"; };
		F34494F115DDD0D500E6676E /* CalculatorAppDelegate.h */ = {isa = PBXFileReference; lastKnownFileType = sourcecode.c.h; path = CalculatorAppDelegate.h; sourceTree = "<group>"; };
		F34494F215DDD0D500E6676E /* CalculatorAppDelegate.m */ = {isa = PBXFileReference; lastKnownFileType = sourcecode.c.objc; path = CalculatorAppDelegate.m; sourceTree = "<group>"; };
		F34494F515DDD0D500E6676E /* en */ = {isa = PBXFileReference; lastKnownFileType = file.storyboard; name = en; path = en.lproj/MainStoryboard.storyboard; sourceTree = "<group>"; };
		F34494F715DDD0D500E6676E /* CalculatorViewController.h */ = {isa = PBXFileReference; lastKnownFileType = sourcecode.c.h; path = CalculatorViewController.h; sourceTree = "<group>"; };
		F34494F815DDD0D500E6676E /* CalculatorViewController.m */ = {isa = PBXFileReference; lastKnownFileType = sourcecode.c.objc; path = CalculatorViewController.m; sourceTree = "<group>"; };
		F36E17C815E85A0100AD7277 /* CalculatorBrain.h */ = {isa = PBXFileReference; fileEncoding = 4; lastKnownFileType = sourcecode.c.h; path = CalculatorBrain.h; sourceTree = "<group>"; };
		F36E17C915E85A0100AD7277 /* CalculatorBrain.m */ = {isa = PBXFileReference; fileEncoding = 4; lastKnownFileType = sourcecode.c.objc; path = CalculatorBrain.m; sourceTree = "<group>"; };
/* End PBXFileReference section */

/* Begin PBXFrameworksBuildPhase section */
		F34494DB15DDD0D400E6676E /* Frameworks */ = {
			isa = PBXFrameworksBuildPhase;
			buildActionMask = 2147483647;
			files = (
				F34494E315DDD0D500E6676E /* UIKit.framework in Frameworks */,
				F34494E515DDD0D500E6676E /* Foundation.framework in Frameworks */,
				F34494E715DDD0D500E6676E /* CoreGraphics.framework in Frameworks */,
			);
			runOnlyForDeploymentPostprocessing = 0;
		};
/* End PBXFrameworksBuildPhase section */

/* Begin PBXGroup section */
		F34494D315DDD0D400E6676E = {
			isa = PBXGroup;
			children = (
				F34494E815DDD0D500E6676E /* Calculator */,
				F34494E115DDD0D500E6676E /* Frameworks */,
				F34494DF15DDD0D500E6676E /* Products */,
			);
			sourceTree = "<group>";
		};
		F34494DF15DDD0D500E6676E /* Products */ = {
			isa = PBXGroup;
			children = (
				F34494DE15DDD0D500E6676E /* Calculator.app */,
			);
			name = Products;
			sourceTree = "<group>";
		};
		F34494E115DDD0D500E6676E /* Frameworks */ = {
			isa = PBXGroup;
			children = (
				F34494E215DDD0D500E6676E /* UIKit.framework */,
				F34494E415DDD0D500E6676E /* Foundation.framework */,
				F34494E615DDD0D500E6676E /* CoreGraphics.framework */,
			);
			name = Frameworks;
			sourceTree = "<group>";
		};
		F34494E815DDD0D500E6676E /* Calculator */ = {
			isa = PBXGroup;
			children = (
				F34494F115DDD0D500E6676E /* CalculatorAppDelegate.h */,
				F34494F215DDD0D500E6676E /* CalculatorAppDelegate.m */,
				F34494F415DDD0D500E6676E /* MainStoryboard.storyboard */,
				F36E17C815E85A0100AD7277 /* CalculatorBrain.h */,
				F36E17C915E85A0100AD7277 /* CalculatorBrain.m */,
				F34494F715DDD0D500E6676E /* CalculatorViewController.h */,
				F34494F815DDD0D500E6676E /* CalculatorViewController.m */,
				F34494E915DDD0D500E6676E /* Supporting Files */,
			);
			path = Calculator;
			sourceTree = "<group>";
		};
		F34494E915DDD0D500E6676E /* Supporting Files */ = {
			isa = PBXGroup;
			children = (
				F34494EA15DDD0D500E6676E /* Calculator-Info.plist */,
				F34494EB15DDD0D500E6676E /* InfoPlist.strings */,
				F34494EE15DDD0D500E6676E /* main.m */,
				F34494F015DDD0D500E6676E /* Calculator-Prefix.pch */,
			);
			name = "Supporting Files";
			sourceTree = "<group>";
		};
/* End PBXGroup section */

/* Begin PBXNativeTarget section */
		F34494DD15DDD0D400E6676E /* Calculator */ = {
			isa = PBXNativeTarget;
			buildConfigurationList = F34494FC15DDD0D500E6676E /* Build configuration list for PBXNativeTarget "Calculator" */;
			buildPhases = (
				F34494DA15DDD0D400E6676E /* Sources */,
				F34494DB15DDD0D400E6676E /* Frameworks */,
				F34494DC15DDD0D400E6676E /* Resources */,
			);
			buildRules = (
			);
			dependencies = (
			);
			name = Calculator;
			productName = Calculator;
			productReference = F34494DE15DDD0D500E6676E /* Calculator.app */;
			productType = "com.apple.product-type.application";
		};
/* End PBXNativeTarget section */

/* Begin PBXProject section */
		F34494D515DDD0D400E6676E /* Project object */ = {
			isa = PBXProject;
			attributes = {
				CLASSPREFIX = Calculator;
				LastUpgradeCheck = 0440;
				ORGANIZATIONNAME = Gregory;
			};
			buildConfigurationList = F34494D815DDD0D400E6676E /* Build configuration list for PBXProject "Calculator" */;
			compatibilityVersion = "Xcode 3.2";
			developmentRegion = English;
			hasScannedForEncodings = 0;
			knownRegions = (
				en,
			);
			mainGroup = F34494D315DDD0D400E6676E;
			productRefGroup = F34494DF15DDD0D500E6676E /* Products */;
			projectDirPath = "";
			projectRoot = "";
			targets = (
				F34494DD15DDD0D400E6676E /* Calculator */,
			);
		};
/* End PBXProject section */

/* Begin PBXResourcesBuildPhase section */
		F34494DC15DDD0D400E6676E /* Resources */ = {
			isa = PBXResourcesBuildPhase;
			buildActionMask = 2147483647;
			files = (
				F34494ED15DDD0D500E6676E /* InfoPlist.strings in Resources */,
				F34494F615DDD0D500E6676E /* MainStoryboard.storyboard in Resources */,
			);
			runOnlyForDeploymentPostprocessing = 0;
		};
/* End PBXResourcesBuildPhase section */

/* Begin PBXSourcesBuildPhase section */
		F34494DA15DDD0D400E6676E /* Sources */ = {
			isa = PBXSourcesBuildPhase;
			buildActionMask = 2147483647;
			files = (
				F34494EF15DDD0D500E6676E /* main.m in Sources */,
				F34494F315DDD0D500E6676E /* CalculatorAppDelegate.m in Sources */,
				F34494F915DDD0D500E6676E /* CalculatorViewController.m in Sources */,
				F36E17CA15E85A0100AD7277 /* CalculatorBrain.m in Sources */,
			);
			runOnlyForDeploymentPostprocessing = 0;
		};
/* End PBXSourcesBuildPhase section */

/* Begin PBXVariantGroup section */
		F34494EB15DDD0D500E6676E /* InfoPlist.strings */ = {
			isa = PBXVariantGroup;
			children = (
				F34494EC15DDD0D500E6676E /* en */,
			);
			name = InfoPlist.strings;
			sourceTree = "<group>";
		};
		F34494F415DDD0D500E6676E /* MainStoryboard.storyboard */ = {
			isa = PBXVariantGroup;
			children = (
				F34494F515DDD0D500E6676E /* en */,
			);
			name = MainStoryboard.storyboard;
			sourceTree = "<group>";
		};
/* End PBXVariantGroup section */

/* Begin XCBuildConfiguration section */
		F34494FA15DDD0D500E6676E /* Debug */ = {
			isa = XCBuildConfiguration;
			buildSettings = {
				ALWAYS_SEARCH_USER_PATHS = NO;
				ARCHS = "$(ARCHS_STANDARD_32_BIT)";
				CLANG_CXX_LANGUAGE_STANDARD = "gnu++0x";
				CLANG_ENABLE_OBJC_ARC = YES;
				CLANG_WARN__DUPLICATE_METHOD_MATCH = YES;
				"CODE_SIGN_IDENTITY[sdk=iphoneos*]" = "iPhone Developer";
				COPY_PHASE_STRIP = NO;
				GCC_C_LANGUAGE_STANDARD = gnu99;
				GCC_DYNAMIC_NO_PIC = NO;
				GCC_OPTIMIZATION_LEVEL = 0;
				GCC_PREPROCESSOR_DEFINITIONS = (
					"DEBUG=1",
					"$(inherited)",
				);
				GCC_SYMBOLS_PRIVATE_EXTERN = NO;
				GCC_VERSION = com.apple.compilers.llvm.clang.1_0;
				GCC_WARN_ABOUT_RETURN_TYPE = YES;
				GCC_WARN_UNINITIALIZED_AUTOS = YES;
				GCC_WARN_UNUSED_VARIABLE = YES;
				IPHONEOS_DEPLOYMENT_TARGET = 5.1;
				SDKROOT = iphoneos;
			};
			name = Debug;
		};
		F34494FB15DDD0D500E6676E /* Release */ = {
			isa = XCBuildConfiguration;
			buildSettings = {
				ALWAYS_SEARCH_USER_PATHS = NO;
				ARCHS = "$(ARCHS_STANDARD_32_BIT)";
				CLANG_CXX_LANGUAGE_STANDARD = "gnu++0x";
				CLANG_ENABLE_OBJC_ARC = YES;
				CLANG_WARN__DUPLICATE_METHOD_MATCH = YES;
				"CODE_SIGN_IDENTITY[sdk=iphoneos*]" = "iPhone Developer";
				COPY_PHASE_STRIP = YES;
				GCC_C_LANGUAGE_STANDARD = gnu99;
				GCC_VERSION = com.apple.compilers.llvm.clang.1_0;
				GCC_WARN_ABOUT_RETURN_TYPE = YES;
				GCC_WARN_UNINITIALIZED_AUTOS = YES;
				GCC_WARN_UNUSED_VARIABLE = YES;
				IPHONEOS_DEPLOYMENT_TARGET = 5.1;
				OTHER_CFLAGS = "-DNS_BLOCK_ASSERTIONS=1";
				SDKROOT = iphoneos;
				VALIDATE_PRODUCT = YES;
			};
			name = Release;
		};
		F34494FD15DDD0D500E6676E /* Debug */ = {
			isa = XCBuildConfiguration;
			buildSettings = {
				GCC_PRECOMPILE_PREFIX_HEADER = YES;
				GCC_PREFIX_HEADER = "Calculator/Calculator-Prefix.pch";
				INFOPLIST_FILE = "Calculator/Calculator-Info.plist";
				PRODUCT_NAME = "$(TARGET_NAME)";
				WRAPPER_EXTENSION = app;
			};
			name = Debug;
		};
		F34494FE15DDD0D500E6676E /* Release */ = {
			isa = XCBuildConfiguration;
			buildSettings = {
				GCC_PRECOMPILE_PREFIX_HEADER = YES;
				GCC_PREFIX_HEADER = "Calculator/Calculator-Prefix.pch";
				INFOPLIST_FILE = "Calculator/Calculator-Info.plist";
				PRODUCT_NAME = "$(TARGET_NAME)";
				WRAPPER_EXTENSION = app;
			};
			name = Release;
		};
/* End XCBuildConfiguration section */

/* Begin XCConfigurationList section */
		F34494D815DDD0D400E6676E /* Build configuration list for PBXProject "Calculator" */ = {
			isa = XCConfigurationList;
			buildConfigurations = (
				F34494FA15DDD0D500E6676E /* Debug */,
				F34494FB15DDD0D500E6676E /* Release */,
			);
			defaultConfigurationIsVisible = 0;
			defaultConfigurationName = Release;
		};
		F34494FC15DDD0D500E6676E /* Build configuration list for PBXNativeTarget "Calculator" */ = {
			isa = XCConfigurationList;
			buildConfigurations = (
				F34494FD15DDD0D500E6676E /* Debug */,
				F34494FE15DDD0D500E6676E /* Release */,
			);
			defaultConfigurationIsVisible = 0;
			defaultConfigurationName = Release;
		};
/* End XCConfigurationList section */
	};
	rootObject = F34494D515DDD0D400E6676E /* Project object */;
}
